
Microsoft Visual Studio Solution File, Format Version 12.00
# Visual Studio Version 17
VisualStudioVersion = 17.7.34003.232
MinimumVisualStudioVersion = 10.0.40219.1
Project("{FAE04EC0-301F-11D3-BF4B-00C04F79EFBC}") = "CalculoEstoqueMedio", "CalculoEstoqueMedio\CalculoEstoqueMedio.csproj", "{DCA61F8D-CA5B-475D-AC09-2FCB8D22CE6F}"
EndProject
Global
	GlobalSection(SolutionConfigurationPlatforms) = preSolution
		Debug|Any CPU = Debug|Any CPU
		Release|Any CPU = Release|Any CPU
	EndGlobalSection
	GlobalSection(ProjectConfigurationPlatforms) = postSolution
		{DCA61F8D-CA5B-475D-AC09-2FCB8D22CE6F}.Debug|Any CPU.ActiveCfg = Debug|Any CPU
		{DCA61F8D-CA5B-475D-AC09-2FCB8D22CE6F}.Debug|Any CPU.Build.0 = Debug|Any CPU
		{DCA61F8D-CA5B-475D-AC09-2FCB8D22CE6F}.Release|Any CPU.ActiveCfg = Release|Any CPU
		{DCA61F8D-CA5B-475D-AC09-2FCB8D22CE6F}.Release|Any CPU.Build.0 = Release|Any CPU
	EndGlobalSection
	GlobalSection(SolutionProperties) = preSolution
		HideSolutionNode = FALSE
	EndGlobalSection
	GlobalSection(ExtensibilityGlobals) = postSolution
		SolutionGuid = {24F6FEC7-C1FD-4D51-894B-097D5FE2986D}
	EndGlobalSection
EndGlobal
